
Microsoft Visual Studio Solution File, Format Version 12.00
Project("{FAE04EC0-301F-11D3-BF4B-00C04F79EFBC}") = "TestersManager", "TestersManager\TestersManager.csproj", "{B1E72B43-8303-4801-ADAE-68E5CB6BADE0}"
EndProject
Project("{FAE04EC0-301F-11D3-BF4B-00C04F79EFBC}") = "TestersViewerTests", "TestersViewerTests\TestersViewerTests.csproj", "{2A5E4FDE-C4E0-416F-9DB3-BAC83EB4EE58}"
EndProject
Project("{FAE04EC0-301F-11D3-BF4B-00C04F79EFBC}") = "Entities", "Entities\Entities.csproj", "{FBE1A57A-A633-4E2D-85C6-7D6CA9D4CA0A}"
EndProject
Project("{FAE04EC0-301F-11D3-BF4B-00C04F79EFBC}") = "ServiceContracts", "ServiceContracts\ServiceContracts.csproj", "{08C8430B-AAA2-4523-B24F-2BEFFCE810C9}"
EndProject
Project("{FAE04EC0-301F-11D3-BF4B-00C04F79EFBC}") = "Services", "Services\Services.csproj", "{A9334D3B-6D32-4D7B-814A-1BED0D3AA3B6}"
EndProject
Project("{FAE04EC0-301F-11D3-BF4B-00C04F79EFBC}") = "RepositoryContracts", "RepositoryContracts\RepositoryContracts.csproj", "{8292C66B-A9CC-455E-836E-96BA0EBA6E58}"
EndProject
Project("{FAE04EC0-301F-11D3-BF4B-00C04F79EFBC}") = "Repositories", "Repositories\Repositories.csproj", "{119D4A54-208D-4B78-9E43-1B40E140D3A3}"
EndProject
Project("{FAE04EC0-301F-11D3-BF4B-00C04F79EFBC}") = "Exceptions", "Exceptions\Exceptions.csproj", "{B190382D-A79B-47FC-89E6-F264B2AA397E}"
EndProject
Global
	GlobalSection(SolutionConfigurationPlatforms) = preSolution
		Debug|Any CPU = Debug|Any CPU
		Release|Any CPU = Release|Any CPU
	EndGlobalSection
	GlobalSection(ProjectConfigurationPlatforms) = postSolution
		{B1E72B43-8303-4801-ADAE-68E5CB6BADE0}.Debug|Any CPU.ActiveCfg = Debug|Any CPU
		{B1E72B43-8303-4801-ADAE-68E5CB6BADE0}.Debug|Any CPU.Build.0 = Debug|Any CPU
		{B1E72B43-8303-4801-ADAE-68E5CB6BADE0}.Release|Any CPU.ActiveCfg = Release|Any CPU
		{B1E72B43-8303-4801-ADAE-68E5CB6BADE0}.Release|Any CPU.Build.0 = Release|Any CPU
		{2A5E4FDE-C4E0-416F-9DB3-BAC83EB4EE58}.Debug|Any CPU.ActiveCfg = Debug|Any CPU
		{2A5E4FDE-C4E0-416F-9DB3-BAC83EB4EE58}.Debug|Any CPU.Build.0 = Debug|Any CPU
		{2A5E4FDE-C4E0-416F-9DB3-BAC83EB4EE58}.Release|Any CPU.ActiveCfg = Release|Any CPU
		{2A5E4FDE-C4E0-416F-9DB3-BAC83EB4EE58}.Release|Any CPU.Build.0 = Release|Any CPU
		{FBE1A57A-A633-4E2D-85C6-7D6CA9D4CA0A}.Debug|Any CPU.ActiveCfg = Debug|Any CPU
		{FBE1A57A-A633-4E2D-85C6-7D6CA9D4CA0A}.Debug|Any CPU.Build.0 = Debug|Any CPU
		{FBE1A57A-A633-4E2D-85C6-7D6CA9D4CA0A}.Release|Any CPU.ActiveCfg = Release|Any CPU
		{FBE1A57A-A633-4E2D-85C6-7D6CA9D4CA0A}.Release|Any CPU.Build.0 = Release|Any CPU
		{08C8430B-AAA2-4523-B24F-2BEFFCE810C9}.Debug|Any CPU.ActiveCfg = Debug|Any CPU
		{08C8430B-AAA2-4523-B24F-2BEFFCE810C9}.Debug|Any CPU.Build.0 = Debug|Any CPU
		{08C8430B-AAA2-4523-B24F-2BEFFCE810C9}.Release|Any CPU.ActiveCfg = Release|Any CPU
		{08C8430B-AAA2-4523-B24F-2BEFFCE810C9}.Release|Any CPU.Build.0 = Release|Any CPU
		{A9334D3B-6D32-4D7B-814A-1BED0D3AA3B6}.Debug|Any CPU.ActiveCfg = Debug|Any CPU
		{A9334D3B-6D32-4D7B-814A-1BED0D3AA3B6}.Debug|Any CPU.Build.0 = Debug|Any CPU
		{A9334D3B-6D32-4D7B-814A-1BED0D3AA3B6}.Release|Any CPU.ActiveCfg = Release|Any CPU
		{A9334D3B-6D32-4D7B-814A-1BED0D3AA3B6}.Release|Any CPU.Build.0 = Release|Any CPU
		{8292C66B-A9CC-455E-836E-96BA0EBA6E58}.Debug|Any CPU.ActiveCfg = Debug|Any CPU
		{8292C66B-A9CC-455E-836E-96BA0EBA6E58}.Debug|Any CPU.Build.0 = Debug|Any CPU
		{8292C66B-A9CC-455E-836E-96BA0EBA6E58}.Release|Any CPU.ActiveCfg = Release|Any CPU
		{8292C66B-A9CC-455E-836E-96BA0EBA6E58}.Release|Any CPU.Build.0 = Release|Any CPU
		{119D4A54-208D-4B78-9E43-1B40E140D3A3}.Debug|Any CPU.ActiveCfg = Debug|Any CPU
		{119D4A54-208D-4B78-9E43-1B40E140D3A3}.Debug|Any CPU.Build.0 = Debug|Any CPU
		{119D4A54-208D-4B78-9E43-1B40E140D3A3}.Release|Any CPU.ActiveCfg = Release|Any CPU
		{119D4A54-208D-4B78-9E43-1B40E140D3A3}.Release|Any CPU.Build.0 = Release|Any CPU
		{B190382D-A79B-47FC-89E6-F264B2AA397E}.Debug|Any CPU.ActiveCfg = Debug|Any CPU
		{B190382D-A79B-47FC-89E6-F264B2AA397E}.Debug|Any CPU.Build.0 = Debug|Any CPU
		{B190382D-A79B-47FC-89E6-F264B2AA397E}.Release|Any CPU.ActiveCfg = Release|Any CPU
		{B190382D-A79B-47FC-89E6-F264B2AA397E}.Release|Any CPU.Build.0 = Release|Any CPU
	EndGlobalSection
EndGlobal
